
Microsoft Visual Studio Solution File, Format Version 12.00
# Visual Studio Version 16
VisualStudioVersion = 16.0.30711.63
MinimumVisualStudioVersion = 10.0.40219.1
Project("{9A19103F-16F7-4668-BE54-9A1E7A4F7556}") = "IdentityProvider", "IdentityProvider.csproj", "{7F493FAB-2C95-4EA2-B3E7-1748046157A4}"
EndProject
Project("{9A19103F-16F7-4668-BE54-9A1E7A4F7556}") = "ConfArch.Api", "..\ConfArch.Api\ConfArch.Api.csproj", "{DFE5FC44-BF3B-4DCE-A0D3-F6B19B580098}"
EndProject
Project("{9A19103F-16F7-4668-BE54-9A1E7A4F7556}") = "ConfArch.Shared", "..\ConfArch.Shared\ConfArch.Shared.csproj", "{33615132-A98B-4517-85CD-229AFC6381FD}"
EndProject
Project("{9A19103F-16F7-4668-BE54-9A1E7A4F7556}") = "ConfArch.Web", "..\ConfArch.Web\ConfArch.Web.csproj", "{39D31DE4-F554-43DE-BA47-DD5035EA56B8}"
EndProject
Project("{9A19103F-16F7-4668-BE54-9A1E7A4F7556}") = "ExternalApiClient", "..\ExternalApiClient\ExternalApiClient.csproj", "{F1138D2A-9DCB-4606-A237-2745A3E8B000}"
EndProject
Global
	GlobalSection(SolutionConfigurationPlatforms) = preSolution
		Debug|Any CPU = Debug|Any CPU
		Release|Any CPU = Release|Any CPU
	EndGlobalSection
	GlobalSection(ProjectConfigurationPlatforms) = postSolution
		{7F493FAB-2C95-4EA2-B3E7-1748046157A4}.Debug|Any CPU.ActiveCfg = Debug|Any CPU
		{7F493FAB-2C95-4EA2-B3E7-1748046157A4}.Debug|Any CPU.Build.0 = Debug|Any CPU
		{7F493FAB-2C95-4EA2-B3E7-1748046157A4}.Release|Any CPU.ActiveCfg = Release|Any CPU
		{7F493FAB-2C95-4EA2-B3E7-1748046157A4}.Release|Any CPU.Build.0 = Release|Any CPU
		{DFE5FC44-BF3B-4DCE-A0D3-F6B19B580098}.Debug|Any CPU.ActiveCfg = Debug|Any CPU
		{DFE5FC44-BF3B-4DCE-A0D3-F6B19B580098}.Debug|Any CPU.Build.0 = Debug|Any CPU
		{DFE5FC44-BF3B-4DCE-A0D3-F6B19B580098}.Release|Any CPU.ActiveCfg = Release|Any CPU
		{DFE5FC44-BF3B-4DCE-A0D3-F6B19B580098}.Release|Any CPU.Build.0 = Release|Any CPU
		{33615132-A98B-4517-85CD-229AFC6381FD}.Debug|Any CPU.ActiveCfg = Debug|Any CPU
		{33615132-A98B-4517-85CD-229AFC6381FD}.Debug|Any CPU.Build.0 = Debug|Any CPU
		{33615132-A98B-4517-85CD-229AFC6381FD}.Release|Any CPU.ActiveCfg = Release|Any CPU
		{33615132-A98B-4517-85CD-229AFC6381FD}.Release|Any CPU.Build.0 = Release|Any CPU
		{39D31DE4-F554-43DE-BA47-DD5035EA56B8}.Debug|Any CPU.ActiveCfg = Debug|Any CPU
		{39D31DE4-F554-43DE-BA47-DD5035EA56B8}.Debug|Any CPU.Build.0 = Debug|Any CPU
		{39D31DE4-F554-43DE-BA47-DD5035EA56B8}.Release|Any CPU.ActiveCfg = Release|Any CPU
		{39D31DE4-F554-43DE-BA47-DD5035EA56B8}.Release|Any CPU.Build.0 = Release|Any CPU
		{F1138D2A-9DCB-4606-A237-2745A3E8B000}.Debug|Any CPU.ActiveCfg = Debug|Any CPU
		{F1138D2A-9DCB-4606-A237-2745A3E8B000}.Debug|Any CPU.Build.0 = Debug|Any CPU
		{F1138D2A-9DCB-4606-A237-2745A3E8B000}.Release|Any CPU.ActiveCfg = Release|Any CPU
		{F1138D2A-9DCB-4606-A237-2745A3E8B000}.Release|Any CPU.Build.0 = Release|Any CPU
	EndGlobalSection
	GlobalSection(SolutionProperties) = preSolution
		HideSolutionNode = FALSE
	EndGlobalSection
	GlobalSection(ExtensibilityGlobals) = postSolution
		SolutionGuid = {F076FCB8-78EE-426C-A649-6C919D567226}
	EndGlobalSection
EndGlobal
